// !$*UTF8*$!
{
	archiveVersion = 1;
	classes = {
	};
	objectVersion = 46;
	objects = {

/* Begin PBXBuildFile section */
		294E89891E03C2790028AE66 /* AppDelegate.swift in Sources */ = {isa = PBXBuildFile; fileRef = 294E89881E03C2790028AE66 /* AppDelegate.swift */; };
		294E898B1E03C2790028AE66 /* ViewController.swift in Sources */ = {isa = PBXBuildFile; fileRef = 294E898A1E03C2790028AE66 /* ViewController.swift */; };
		294E898E1E03C2790028AE66 /* Main.storyboard in Resources */ = {isa = PBXBuildFile; fileRef = 294E898C1E03C2790028AE66 /* Main.storyboard */; };
		294E89901E03C2790028AE66 /* Assets.xcassets in Resources */ = {isa = PBXBuildFile; fileRef = 294E898F1E03C2790028AE66 /* Assets.xcassets */; };
		294E89931E03C2790028AE66 /* LaunchScreen.storyboard in Resources */ = {isa = PBXBuildFile; fileRef = 294E89911E03C2790028AE66 /* LaunchScreen.storyboard */; };
		294E899B1E03C6770028AE66 /* liwu.jpg in Resources */ = {isa = PBXBuildFile; fileRef = 294E899A1E03C6770028AE66 /* liwu.jpg */; };
/* End PBXBuildFile section */

/* Begin PBXFileReference section */
		294E89851E03C2790028AE66 /* SwiftBigAndSmallDemo.app */ = {isa = PBXFileReference; explicitFileType = wrapper.application; includeInIndex = 0; path = SwiftBigAndSmallDemo.app; sourceTree = BUILT_PRODUCTS_DIR; };
		294E89881E03C2790028AE66 /* AppDelegate.swift */ = {isa = PBXFileReference; lastKnownFileType = sourcecode.swift; path = AppDelegate.swift; sourceTree = "<group>"; };
		294E898A1E03C2790028AE66 /* ViewController.swift */ = {isa = PBXFileReference; lastKnownFileType = sourcecode.swift; path = ViewController.swift; sourceTree = "<group>"; };
		294E898D1E03C2790028AE66 /* Base */ = {isa = PBXFileReference; lastKnownFileType = file.storyboard; name = Base; path = Base.lproj/Main.storyboard; sourceTree = "<group>"; };
		294E898F1E03C2790028AE66 /* Assets.xcassets */ = {isa = PBXFileReference; lastKnownFileType = folder.assetcatalog; path = Assets.xcassets; sourceTree = "<group>"; };
		294E89921E03C2790028AE66 /* Base */ = {isa = PBXFileReference; lastKnownFileType = file.storyboard; name = Base; path = Base.lproj/LaunchScreen.storyboard; sourceTree = "<group>"; };
		294E89941E03C2790028AE66 /* Info.plist */ = {isa = PBXFileReference; lastKnownFileType = text.plist.xml; path = Info.plist; sourceTree = "<group>"; };
		294E899A1E03C6770028AE66 /* liwu.jpg */ = {isa = PBXFileReference; lastKnownFileType = image.jpeg; path = liwu.jpg; sourceTree = "<group>"; };
/* End PBXFileReference section */

/* Begin PBXFrameworksBuildPhase section */
		294E89821E03C2790028AE66 /* Frameworks */ = {
			isa = PBXFrameworksBuildPhase;
			buildActionMask = 2147483647;
			files = (
			);
			runOnlyForDeploymentPostprocessing = 0;
		};
/* End PBXFrameworksBuildPhase section */

/* Begin PBXGroup section */
		294E897C1E03C2790028AE66 = {
			isa = PBXGroup;
			children = (
				294E89871E03C2790028AE66 /* SwiftBigAndSmallDemo */,
				294E89861E03C2790028AE66 /* Products */,
			);
			sourceTree = "<group>";
		};
		294E89861E03C2790028AE66 /* Products */ = {
			isa = PBXGroup;
			children = (
				294E89851E03C2790028AE66 /* SwiftBigAndSmallDemo.app */,
			);
			name = Products;
			sourceTree = "<group>";
		};
		294E89871E03C2790028AE66 /* SwiftBigAndSmallDemo */ = {
			isa = PBXGroup;
			children = (
				294E899A1E03C6770028AE66 /* liwu.jpg */,
				294E89881E03C2790028AE66 /* AppDelegate.swift */,
				294E898A1E03C2790028AE66 /* ViewController.swift */,
				294E898C1E03C2790028AE66 /* Main.storyboard */,
				294E898F1E03C2790028AE66 /* Assets.xcassets */,
				294E89911E03C2790028AE66 /* LaunchScreen.storyboard */,
				294E89941E03C2790028AE66 /* Info.plist */,
			);
			path = SwiftBigAndSmallDemo;
			sourceTree = "<group>";
		};
/* End PBXGroup section */

/* Begin PBXNativeTarget section */
		294E89841E03C2790028AE66 /* SwiftBigAndSmallDemo */ = {
			isa = PBXNativeTarget;
			buildConfigurationList = 294E89971E03C2790028AE66 /* Build configuration list for PBXNativeTarget "SwiftBigAndSmallDemo" */;
			buildPhases = (
				294E89811E03C2790028AE66 /* Sources */,
				294E89821E03C2790028AE66 /* Frameworks */,
				294E89831E03C2790028AE66 /* Resources */,
			);
			buildRules = (
			);
			dependencies = (
			);
			name = SwiftBigAndSmallDemo;
			productName = SwiftBigAndSmallDemo;
			productReference = 294E89851E03C2790028AE66 /* SwiftBigAndSmallDemo.app */;
			productType = "com.apple.product-type.application";
		};
/* End PBXNativeTarget section */

/* Begin PBXProject section */
		294E897D1E03C2790028AE66 /* Project object */ = {
			isa = PBXProject;
			attributes = {
				LastSwiftUpdateCheck = 0810;
				LastUpgradeCheck = 0810;
				ORGANIZATIONNAME = healthmanager;
				TargetAttributes = {
					294E89841E03C2790028AE66 = {
						CreatedOnToolsVersion = 8.1;
						ProvisioningStyle = Automatic;
					};
				};
			};
			buildConfigurationList = 294E89801E03C2790028AE66 /* Build configuration list for PBXProject "SwiftBigAndSmallDemo" */;
			compatibilityVersion = "Xcode 3.2";
			developmentRegion = English;
			hasScannedForEncodings = 0;
			knownRegions = (
				en,
				Base,
			);
			mainGroup = 294E897C1E03C2790028AE66;
			productRefGroup = 294E89861E03C2790028AE66 /* Products */;
			projectDirPath = "";
			projectRoot = "";
			targets = (
				294E89841E03C2790028AE66 /* SwiftBigAndSmallDemo */,
			);
		};
/* End PBXProject section */

/* Begin PBXResourcesBuildPhase section */
		294E89831E03C2790028AE66 /* Resources */ = {
			isa = PBXResourcesBuildPhase;
			buildActionMask = 2147483647;
			files = (
				294E89931E03C2790028AE66 /* LaunchScreen.storyboard in Resources */,
				294E89901E03C2790028AE66 /* Assets.xcassets in Resources */,
				294E899B1E03C6770028AE66 /* liwu.jpg in Resources */,
				294E898E1E03C2790028AE66 /* Main.storyboard in Resources */,
			);
			runOnlyForDeploymentPostprocessing = 0;
		};
/* End PBXResourcesBuildPhase section */

/* Begin PBXSourcesBuildPhase section */
		294E89811E03C2790028AE66 /* Sources */ = {
			isa = PBXSourcesBuildPhase;
			buildActionMask = 2147483647;
			files = (
				294E898B1E03C2790028AE66 /* ViewController.swift in Sources */,
				294E89891E03C2790028AE66 /* AppDelegate.swift in Sources */,
			);
			runOnlyForDeploymentPostprocessing = 0;
		};
/* End PBXSourcesBuildPhase section */

/* Begin PBXVariantGroup section */
		294E898C1E03C2790028AE66 /* Main.storyboard */ = {
			isa = PBXVariantGroup;
			children = (
				294E898D1E03C2790028AE66 /* Base */,
			);
			name = Main.storyboard;
			sourceTree = "<group>";
		};
		294E89911E03C2790028AE66 /* LaunchScreen.storyboard */ = {
			isa = PBXVariantGroup;
			children = (
				294E89921E03C2790028AE66 /* Base */,
			);
			name = LaunchScreen.storyboard;
			sourceTree = "<group>";
		};
/* End PBXVariantGroup section */

/* Begin XCBuildConfiguration section */
		294E89951E03C2790028AE66 /* Debug */ = {
			isa = XCBuildConfiguration;
			buildSettings = {
				ALWAYS_SEARCH_USER_PATHS = NO;
				CLANG_ANALYZER_NONNULL = YES;
				CLANG_CXX_LANGUAGE_STANDARD = "gnu++0x";
				CLANG_CXX_LIBRARY = "libc++";
				CLANG_ENABLE_MODULES = YES;
				CLANG_ENABLE_OBJC_ARC = YES;
				CLANG_WARN_BOOL_CONVERSION = YES;
				CLANG_WARN_CONSTANT_CONVERSION = YES;
				CLANG_WARN_DIRECT_OBJC_ISA_USAGE = YES_ERROR;
				CLANG_WARN_DOCUMENTATION_COMMENTS = YES;
				CLANG_WARN_EMPTY_BODY = YES;
				CLANG_WARN_ENUM_CONVERSION = YES;
				CLANG_WARN_INFINITE_RECURSION = YES;
				CLANG_WARN_INT_CONVERSION = YES;
				CLANG_WARN_OBJC_ROOT_CLASS = YES_ERROR;
				CLANG_WARN_SUSPICIOUS_MOVES = YES;
				CLANG_WARN_UNREACHABLE_CODE = YES;
				CLANG_WARN__DUPLICATE_METHOD_MATCH = YES;
				"CODE_SIGN_IDENTITY[sdk=iphoneos*]" = "iPhone Developer";
				COPY_PHASE_STRIP = NO;
				DEBUG_INFORMATION_FORMAT = dwarf;
				ENABLE_STRICT_OBJC_MSGSEND = YES;
				ENABLE_TESTABILITY = YES;
				GCC_C_LANGUAGE_STANDARD = gnu99;
				GCC_DYNAMIC_NO_PIC = NO;
				GCC_NO_COMMON_BLOCKS = YES;
				GCC_OPTIMIZATION_LEVEL = 0;
				GCC_PREPROCESSOR_DEFINITIONS = (
					"DEBUG=1",
					"$(inherited)",
				);
				GCC_WARN_64_TO_32_BIT_CONVERSION = YES;
				GCC_WARN_ABOUT_RETURN_TYPE = YES_ERROR;
				GCC_WARN_UNDECLARED_SELECTOR = YES;
				GCC_WARN_UNINITIALIZED_AUTOS = YES_AGGRESSIVE;
				GCC_WARN_UNUSED_FUNCTION = YES;
				GCC_WARN_UNUSED_VARIABLE = YES;
				IPHONEOS_DEPLOYMENT_TARGET = 10.1;
				MTL_ENABLE_DEBUG_INFO = YES;
				ONLY_ACTIVE_ARCH = YES;
				SDKROOT = iphoneos;
				SWIFT_ACTIVE_COMPILATION_CONDITIONS = DEBUG;
				SWIFT_OPTIMIZATION_LEVEL = "-Onone";
				TARGETED_DEVICE_FAMILY = "1,2";
			};
			name = Debug;
		};
		294E89961E03C2790028AE66 /* Release */ = {
			isa = XCBuildConfiguration;
			buildSettings = {
				ALWAYS_SEARCH_USER_PATHS = NO;
				CLANG_ANALYZER_NONNULL = YES;
				CLANG_CXX_LANGUAGE_STANDARD = "gnu++0x";
				CLANG_CXX_LIBRARY = "libc++";
				CLANG_ENABLE_MODULES = YES;
				CLANG_ENABLE_OBJC_ARC = YES;
				CLANG_WARN_BOOL_CONVERSION = YES;
				CLANG_WARN_CONSTANT_CONVERSION = YES;
				CLANG_WARN_DIRECT_OBJC_ISA_USAGE = YES_ERROR;
				CLANG_WARN_DOCUMENTATION_COMMENTS = YES;
				CLANG_WARN_EMPTY_BODY = YES;
				CLANG_WARN_ENUM_CONVERSION = YES;
				CLANG_WARN_INFINITE_RECURSION = YES;
				CLANG_WARN_INT_CONVERSION = YES;
				CLANG_WARN_OBJC_ROOT_CLASS = YES_ERROR;
				CLANG_WARN_SUSPICIOUS_MOVES = YES;
				CLANG_WARN_UNREACHABLE_CODE = YES;
				CLANG_WARN__DUPLICATE_METHOD_MATCH = YES;
				"CODE_SIGN_IDENTITY[sdk=iphoneos*]" = "iPhone Developer";
				COPY_PHASE_STRIP = NO;
				DEBUG_INFORMATION_FORMAT = "dwarf-with-dsym";
				ENABLE_NS_ASSERTIONS = NO;
				ENABLE_STRICT_OBJC_MSGSEND = YES;
				GCC_C_LANGUAGE_STANDARD = gnu99;
				GCC_NO_COMMON_BLOCKS = YES;
				GCC_WARN_64_TO_32_BIT_CONVERSION = YES;
				GCC_WARN_ABOUT_RETURN_TYPE = YES_ERROR;
				GCC_WARN_UNDECLARED_SELECTOR = YES;
				GCC_WARN_UNINITIALIZED_AUTOS = YES_AGGRESSIVE;
				GCC_WARN_UNUSED_FUNCTION = YES;
				GCC_WARN_UNUSED_VARIABLE = YES;
				IPHONEOS_DEPLOYMENT_TARGET = 10.1;
				MTL_ENABLE_DEBUG_INFO = NO;
				SDKROOT = iphoneos;
				SWIFT_OPTIMIZATION_LEVEL = "-Owholemodule";
				TARGETED_DEVICE_FAMILY = "1,2";
				VALIDATE_PRODUCT = YES;
			};
			name = Release;
		};
		294E89981E03C2790028AE66 /* Debug */ = {
			isa = XCBuildConfiguration;
			buildSettings = {
				ASSETCATALOG_COMPILER_APPICON_NAME = AppIcon;
				INFOPLIST_FILE = SwiftBigAndSmallDemo/Info.plist;
				LD_RUNPATH_SEARCH_PATHS = "$(inherited) @executable_path/Frameworks";
				PRODUCT_BUNDLE_IDENTIFIER = com.healthmanager.SwiftBigAndSmallDemo;
				PRODUCT_NAME = "$(TARGET_NAME)";
				SWIFT_VERSION = 3.0;
			};
			name = Debug;
		};
		294E89991E03C2790028AE66 /* Release */ = {
			isa = XCBuildConfiguration;
			buildSettings = {
				ASSETCATALOG_COMPILER_APPICON_NAME = AppIcon;
				INFOPLIST_FILE = SwiftBigAndSmallDemo/Info.plist;
				LD_RUNPATH_SEARCH_PATHS = "$(inherited) @executable_path/Frameworks";
				PRODUCT_BUNDLE_IDENTIFIER = com.healthmanager.SwiftBigAndSmallDemo;
				PRODUCT_NAME = "$(TARGET_NAME)";
				SWIFT_VERSION = 3.0;
			};
			name = Release;
		};
/* End XCBuildConfiguration section */

/* Begin XCConfigurationList section */
		294E89801E03C2790028AE66 /* Build configuration list for PBXProject "SwiftBigAndSmallDemo" */ = {
			isa = XCConfigurationList;
			buildConfigurations = (
				294E89951E03C2790028AE66 /* Debug */,
				294E89961E03C2790028AE66 /* Release */,
			);
			defaultConfigurationIsVisible = 0;
			defaultConfigurationName = Release;
		};
		294E89971E03C2790028AE66 /* Build configuration list for PBXNativeTarget "SwiftBigAndSmallDemo" */ = {
			isa = XCConfigurationList;
			buildConfigurations = (
				294E89981E03C2790028AE66 /* Debug */,
				294E89991E03C2790028AE66 /* Release */,
			);
			defaultConfigurationIsVisible = 0;
		};
/* End XCConfigurationList section */
	};
	rootObject = 294E897D1E03C2790028AE66 /* Project object */;
}
